%{
  "dialyxir": {:hex, :dialyxir, "1.0.0", "6a1fa629f7881a9f5aaf3a78f094b2a51a0357c843871b8bc98824e7342d00a5", [:mix], [{:erlex, ">= 0.2.6", [hex: :erlex, repo: "hexpm", optional: false]}], "hexpm", "aeb06588145fac14ca08d8061a142d52753dbc2cf7f0d00fc1013f53f8654654"},
  "earmark_parser": {:hex, :earmark_parser, "1.4.12", "b245e875ec0a311a342320da0551da407d9d2b65d98f7a9597ae078615af3449", [:mix], [], "hexpm", "711e2cc4d64abb7d566d43f54b78f7dc129308a63bc103fbd88550d2174b3160"},
  "erlex": {:hex, :erlex, "0.2.6", "c7987d15e899c7a2f34f5420d2a2ea0d659682c06ac607572df55a43753aa12e", [:mix], [], "hexpm", "2ed2e25711feb44d52b17d2780eabf998452f6efda104877a3881c2f8c0c0c75"},
  "ex_doc": {:hex, :ex_doc, "0.23.0", "a069bc9b0bf8efe323ecde8c0d62afc13d308b1fa3d228b65bca5cf8703a529d", [:mix], [{:earmark_parser, "~> 1.4.0", [hex: :earmark_parser, repo: "hexpm", optional: false]}, {:makeup_elixir, "~> 0.14", [hex: :makeup_elixir, repo: "hexpm", optional: false]}], "hexpm", "f5e2c4702468b2fd11b10d39416ddadd2fcdd173ba2a0285ebd92c39827a5a16"},
  "islands_board": {:hex, :islands_board, "0.1.12", "96b4b7618deb99f2333645e9267c53340ecfe9f5fa7743819fe12c19aabde430", [:mix], [{:islands_config, "~> 0.1", [hex: :islands_config, repo: "hexpm", optional: false]}, {:islands_coord, "~> 0.1", [hex: :islands_coord, repo: "hexpm", optional: false]}, {:islands_island, "~> 0.1", [hex: :islands_island, repo: "hexpm", optional: false]}, {:jason, "~> 1.0", [hex: :jason, repo: "hexpm", optional: false]}, {:poison, "~> 3.1", [hex: :poison, repo: "hexpm", optional: false]}], "hexpm", "fe0b88d09b3b60b8d911efd4e796aa86729ba62bfaa52d354b1dbcc68e6e715e"},
  "islands_config": {:hex, :islands_config, "0.1.3", "82324667a54d02858f88ca996c1a9865ac23424274e39dbe2b94651283295cae", [:mix], [{:persist_config, "~> 0.4", [hex: :persist_config, repo: "hexpm", optional: false]}], "hexpm", "5c6c7268a41d70b69a9accbae43582a2879af787a07bf891861df04664fbb01e"},
  "islands_coord": {:hex, :islands_coord, "0.1.12", "b7f96cc09d26d7829f9c3149e6cc096d383d0f6334261cc804260d8efcf25e18", [:mix], [{:islands_config, "~> 0.1", [hex: :islands_config, repo: "hexpm", optional: false]}, {:jason, "~> 1.0", [hex: :jason, repo: "hexpm", optional: false]}, {:poison, "~> 3.1", [hex: :poison, repo: "hexpm", optional: false]}], "hexpm", "b163e00c045c83e02ab3ec81db5ee1e0303232b2429cb0802d22133f7f5f3b72"},
  "islands_game": {:hex, :islands_game, "0.1.15", "39746f4e87f22abf347af4ab9be9d72ba5c88486fb5043b3cee243f25374feeb", [:mix], [{:islands_board, "~> 0.1", [hex: :islands_board, repo: "hexpm", optional: false]}, {:islands_config, "~> 0.1", [hex: :islands_config, repo: "hexpm", optional: false]}, {:islands_coord, "~> 0.1", [hex: :islands_coord, repo: "hexpm", optional: false]}, {:islands_guesses, "~> 0.1", [hex: :islands_guesses, repo: "hexpm", optional: false]}, {:islands_player, "~> 0.1", [hex: :islands_player, repo: "hexpm", optional: false]}, {:islands_player_id, "~> 0.1", [hex: :islands_player_id, repo: "hexpm", optional: false]}, {:islands_request, "~> 0.1", [hex: :islands_request, repo: "hexpm", optional: false]}, {:islands_response, "~> 0.1", [hex: :islands_response, repo: "hexpm", optional: false]}, {:islands_state, "~> 0.1", [hex: :islands_state, repo: "hexpm", optional: false]}, {:jason, "~> 1.0", [hex: :jason, repo: "hexpm", optional: false]}, {:poison, "~> 3.1", [hex: :poison, repo: "hexpm", optional: false]}], "hexpm", "64e0f273c7539535e4cb0c1578ceb27d34b7ea875ed4d793d04382fd29d53b0d"},
  "islands_guesses": {:hex, :islands_guesses, "0.1.13", "f35dc30f662c45f7e3622b70448ae7d9a1c389950efe4d909253d59db447ea2e", [:mix], [{:islands_config, "~> 0.1", [hex: :islands_config, repo: "hexpm", optional: false]}, {:islands_coord, "~> 0.1", [hex: :islands_coord, repo: "hexpm", optional: false]}, {:islands_island, "~> 0.1", [hex: :islands_island, repo: "hexpm", optional: false]}, {:jason, "~> 1.0", [hex: :jason, repo: "hexpm", optional: false]}, {:poison, "~> 3.1", [hex: :poison, repo: "hexpm", optional: false]}], "hexpm", "899ee0d318f39354af87324d766698fdcc15d08577d80f46abb3bbf191c20dab"},
  "islands_island": {:hex, :islands_island, "0.1.12", "6f13a822cd577589b6bcdf7359b710b257354d142f71ecb6a6a77591138bbef2", [:mix], [{:islands_config, "~> 0.1", [hex: :islands_config, repo: "hexpm", optional: false]}, {:islands_coord, "~> 0.1", [hex: :islands_coord, repo: "hexpm", optional: false]}, {:jason, "~> 1.0", [hex: :jason, repo: "hexpm", optional: false]}, {:poison, "~> 3.1", [hex: :poison, repo: "hexpm", optional: false]}], "hexpm", "674cec4fab282ae54afe39a45ccb2c3d0a069cba5bcf7a9b19051c77bdb750b1"},
  "islands_player": {:hex, :islands_player, "0.1.15", "c3f38ebc114100a6241b1c3191808fcbe943e3a91a9564dbb5f647a52c04efcb", [:mix], [{:islands_board, "~> 0.1", [hex: :islands_board, repo: "hexpm", optional: false]}, {:islands_config, "~> 0.1", [hex: :islands_config, repo: "hexpm", optional: false]}, {:islands_guesses, "~> 0.1", [hex: :islands_guesses, repo: "hexpm", optional: false]}, {:jason, "~> 1.0", [hex: :jason, repo: "hexpm", optional: false]}, {:poison, "~> 3.1", [hex: :poison, repo: "hexpm", optional: false]}], "hexpm", "e55f05740466c3de5a68215a33d1e449aefae5a1d55554872c6f6f02089f54b6"},
  "islands_player_id": {:hex, :islands_player_id, "0.1.8", "0c1b2b1e0c612865da75ad5fc4c9f4308dd1d1cef6ea738005b6cdb4120f20cc", [:mix], [], "hexpm", "8916f9b9c133a266172bf07b59c01bc74eb8193b881f2414b6856272a256af17"},
  "islands_request": {:hex, :islands_request, "0.1.17", "b388debc575df0ba110580cdc5009848270ada61e607a8b9e44818e7477ef4b0", [:mix], [{:islands_coord, "~> 0.1", [hex: :islands_coord, repo: "hexpm", optional: false]}, {:islands_island, "~> 0.1", [hex: :islands_island, repo: "hexpm", optional: false]}, {:islands_player, "~> 0.1", [hex: :islands_player, repo: "hexpm", optional: false]}, {:islands_player_id, "~> 0.1", [hex: :islands_player_id, repo: "hexpm", optional: false]}], "hexpm", "4d24a3393674416a8014d6c720cafb473cffba83f3bdc73e0ecb2e63d5f9979d"},
  "islands_response": {:hex, :islands_response, "0.1.11", "920be5d003be2815352d6b710464221df6346bf916d83f5ee40f7f9f0e21608d", [:mix], [{:islands_island, "~> 0.1", [hex: :islands_island, repo: "hexpm", optional: false]}], "hexpm", "18ce933bdd500788521b0b12fe06845572e380c2cf12993538d853d14a67c6e4"},
  "islands_score": {:hex, :islands_score, "0.1.15", "3f67c7d38b67b3d4acf3015cd7415639512f054ad6bcde205f4946d468beb2fb", [:mix], [{:islands_board, "~> 0.1", [hex: :islands_board, repo: "hexpm", optional: false]}, {:islands_config, "~> 0.1", [hex: :islands_config, repo: "hexpm", optional: false]}, {:islands_coord, "~> 0.1", [hex: :islands_coord, repo: "hexpm", optional: false]}, {:islands_game, "~> 0.1", [hex: :islands_game, repo: "hexpm", optional: false]}, {:islands_island, "~> 0.1", [hex: :islands_island, repo: "hexpm", optional: false]}, {:islands_player, "~> 0.1", [hex: :islands_player, repo: "hexpm", optional: false]}, {:islands_player_id, "~> 0.1", [hex: :islands_player_id, repo: "hexpm", optional: false]}, {:jason, "~> 1.0", [hex: :jason, repo: "hexpm", optional: false]}, {:poison, "~> 3.1", [hex: :poison, repo: "hexpm", optional: false]}], "hexpm", "0fe265c7e01a543aafa69a63473458018c91ca646e98cc9827b21c36765f9a3a"},
  "islands_state": {:hex, :islands_state, "0.1.8", "61353edcf04df392e9fabf9dd1356e0bb55033822fa9d80ce3840edda65ae876", [:mix], [{:islands_config, "~> 0.1", [hex: :islands_config, repo: "hexpm", optional: false]}, {:islands_player_id, "~> 0.1", [hex: :islands_player_id, repo: "hexpm", optional: false]}, {:jason, "~> 1.0", [hex: :jason, repo: "hexpm", optional: false]}, {:poison, "~> 3.1", [hex: :poison, repo: "hexpm", optional: false]}], "hexpm", "57903ad6317b4c4fe54dba6907becfc0bf3d35d6910cfe1ebbcadde11eaa1eb9"},
  "jason": {:hex, :jason, "1.2.2", "ba43e3f2709fd1aa1dce90aaabfd039d000469c05c56f0b8e31978e03fa39052", [:mix], [{:decimal, "~> 1.0 or ~> 2.0", [hex: :decimal, repo: "hexpm", optional: true]}], "hexpm", "18a228f5f0058ee183f29f9eae0805c6e59d61c3b006760668d8d18ff0d12179"},
  "makeup": {:hex, :makeup, "1.0.5", "d5a830bc42c9800ce07dd97fa94669dfb93d3bf5fcf6ea7a0c67b2e0e4a7f26c", [:mix], [{:nimble_parsec, "~> 0.5 or ~> 1.0", [hex: :nimble_parsec, repo: "hexpm", optional: false]}], "hexpm", "cfa158c02d3f5c0c665d0af11512fed3fba0144cf1aadee0f2ce17747fba2ca9"},
  "makeup_elixir": {:hex, :makeup_elixir, "0.15.0", "98312c9f0d3730fde4049985a1105da5155bfe5c11e47bdc7406d88e01e4219b", [:mix], [{:makeup, "~> 1.0", [hex: :makeup, repo: "hexpm", optional: false]}, {:nimble_parsec, "~> 1.1", [hex: :nimble_parsec, repo: "hexpm", optional: false]}], "hexpm", "75ffa34ab1056b7e24844c90bfc62aaf6f3a37a15faa76b07bc5eba27e4a8b4a"},
  "mix_tasks": {:git, "https://github.com/RaymondLoranger/mix_tasks.git", "986e0e68b4df5984beda100fd8c2a9bfb4bd8c63", []},
  "nimble_parsec": {:hex, :nimble_parsec, "1.1.0", "3a6fca1550363552e54c216debb6a9e95bd8d32348938e13de5eda962c0d7f89", [:mix], [], "hexpm", "08eb32d66b706e913ff748f11694b17981c0b04a33ef470e33e11b3d3ac8f54b"},
  "persist_config": {:hex, :persist_config, "0.4.14", "4be52300f6d55a5a54499152004f0ba415f2b5108d920f636d84f57f525b32eb", [:mix], [], "hexpm", "43380847d59e5570a3ab6ddd30baac3279495fbfd2613a2498fab6f835958e33"},
  "poison": {:hex, :poison, "3.1.0", "d9eb636610e096f86f25d9a46f35a9facac35609a7591b3be3326e99a0484665", [:mix], [], "hexpm", "fec8660eb7733ee4117b85f55799fd3833eb769a6df71ccf8903e8dc5447cfce"},
}
